
Microsoft Visual Studio Solution File, Format Version 12.00
# Visual Studio Version 16
VisualStudioVersion = 25.0.1704.0
MinimumVisualStudioVersion = 10.0.40219.1
Project("{FAE04EC0-301F-11D3-BF4B-00C04F79EFBC}") = "Exp.InMemoryCache", "Exp.InMemoryCache\Exp.InMemoryCache.csproj", "{DA4DE726-35E5-4B6F-93AD-F34BB4434CAC}"
EndProject
Global
	GlobalSection(SolutionConfigurationPlatforms) = preSolution
		Debug|Any CPU = Debug|Any CPU
		Release|Any CPU = Release|Any CPU
	EndGlobalSection
	GlobalSection(ProjectConfigurationPlatforms) = postSolution
		{DA4DE726-35E5-4B6F-93AD-F34BB4434CAC}.Debug|Any CPU.ActiveCfg = Debug|Any CPU
		{DA4DE726-35E5-4B6F-93AD-F34BB4434CAC}.Debug|Any CPU.Build.0 = Debug|Any CPU
		{DA4DE726-35E5-4B6F-93AD-F34BB4434CAC}.Release|Any CPU.ActiveCfg = Release|Any CPU
		{DA4DE726-35E5-4B6F-93AD-F34BB4434CAC}.Release|Any CPU.Build.0 = Release|Any CPU
	EndGlobalSection
	GlobalSection(SolutionProperties) = preSolution
		HideSolutionNode = FALSE
	EndGlobalSection
	GlobalSection(ExtensibilityGlobals) = postSolution
		SolutionGuid = {FA65F967-7199-4B6B-931D-FEA2E68FF53B}
	EndGlobalSection
EndGlobal
